
Microsoft Visual Studio Solution File, Format Version 12.00
# Visual Studio Version 16
VisualStudioVersion = 16.0.29613.14
MinimumVisualStudioVersion = 10.0.40219.1
Project("{9A19103F-16F7-4668-BE54-9A1E7A4F7556}") = "Todo-API", "Todo-API\Todo-API.csproj", "{FBCF138E-4EEC-47BD-9597-3504294E3729}"
EndProject
Global
	GlobalSection(SolutionConfigurationPlatforms) = preSolution
		Debug|Any CPU = Debug|Any CPU
		Release|Any CPU = Release|Any CPU
	EndGlobalSection
	GlobalSection(ProjectConfigurationPlatforms) = postSolution
		{FBCF138E-4EEC-47BD-9597-3504294E3729}.Debug|Any CPU.ActiveCfg = Debug|Any CPU
		{FBCF138E-4EEC-47BD-9597-3504294E3729}.Debug|Any CPU.Build.0 = Debug|Any CPU
		{FBCF138E-4EEC-47BD-9597-3504294E3729}.Release|Any CPU.ActiveCfg = Release|Any CPU
		{FBCF138E-4EEC-47BD-9597-3504294E3729}.Release|Any CPU.Build.0 = Release|Any CPU
	EndGlobalSection
	GlobalSection(SolutionProperties) = preSolution
		HideSolutionNode = FALSE
	EndGlobalSection
	GlobalSection(ExtensibilityGlobals) = postSolution
		SolutionGuid = {4F76EF37-5278-4734-B286-59234DADFE09}
	EndGlobalSection
EndGlobal
