
Microsoft Visual Studio Solution File, Format Version 12.00
# Visual Studio Version 16
VisualStudioVersion = 16.0.29613.14
MinimumVisualStudioVersion = 10.0.40219.1
Project("{FAE04EC0-301F-11D3-BF4B-00C04F79EFBC}") = "Todo-Serverless", "Todo-Serverless\Todo-Serverless.csproj", "{0247F106-EADD-46A7-A56A-A282E086F855}"
EndProject
Global
	GlobalSection(SolutionConfigurationPlatforms) = preSolution
		Debug|Any CPU = Debug|Any CPU
		Release|Any CPU = Release|Any CPU
	EndGlobalSection
	GlobalSection(ProjectConfigurationPlatforms) = postSolution
		{0247F106-EADD-46A7-A56A-A282E086F855}.Debug|Any CPU.ActiveCfg = Debug|Any CPU
		{0247F106-EADD-46A7-A56A-A282E086F855}.Debug|Any CPU.Build.0 = Debug|Any CPU
		{0247F106-EADD-46A7-A56A-A282E086F855}.Release|Any CPU.ActiveCfg = Release|Any CPU
		{0247F106-EADD-46A7-A56A-A282E086F855}.Release|Any CPU.Build.0 = Release|Any CPU
	EndGlobalSection
	GlobalSection(SolutionProperties) = preSolution
		HideSolutionNode = FALSE
	EndGlobalSection
	GlobalSection(ExtensibilityGlobals) = postSolution
		SolutionGuid = {4F76EF37-5278-4734-B286-59234DADFE09}
	EndGlobalSection
EndGlobal
